{
  "version": 4,
  "terraform_version": "1.6.6",
  "serial": 1,
  "lineage": "9053e261-bdc4-b83f-62f9-a022221cf8a9",
  "outputs": {
    "name1": {
      "value": "This is fro datasource.",
      "type": "string"
    }
  },
  "resources": [
    {
      "mode": "data",
      "type": "local_file",
      "name": "foo",
      "provider": "provider[\"registry.terraform.io/hashicorp/local\"]",
      "instances": [
        {
          "schema_version": 0,
          "attributes": {
            "content": "This is fro datasource.",
            "content_base64": "VGhpcyBpcyBmcm8gZGF0YXNvdXJjZS4=",
            "content_base64sha256": "tlAU0U7H2pc1jzLsPiq+0VOU0PHZ2wJ7JkChbOckFD8=",
            "content_base64sha512": "0pN+3tJcVtmXC9Z2KAFrMF7hH81f4DJcJreui2l+OnBAm0BpxOMkWpqlpIziLoypmduQdqoaTpLaCtYkFsyuOQ==",
            "content_md5": "f65a27ca467ebaacadf6e145b13fc3f9",
            "content_sha1": "7fc7ffe35af9beef363cbfa9dab3ce1d732e73c6",
            "content_sha256": "b65014d14ec7da97358f32ec3e2abed15394d0f1d9db027b2640a16ce724143f",
            "content_sha512": "d2937eded25c56d9970bd67628016b305ee11fcd5fe0325c26b7ae8b697e3a70409b4069c4e3245a9aa5a48ce22e8ca999db9076aa1a4e92da0ad62416ccae39",
            "filename": "sample1.txt",
            "id": "7fc7ffe35af9beef363cbfa9dab3ce1d732e73c6"
          },
          "sensitive_attributes": []
        }
      ]
    },
    {
      "mode": "managed",
      "type": "local_file",
      "name": "java",
      "provider": "provider[\"registry.terraform.io/hashicorp/local\"]",
      "instances": [
        {
          "schema_version": 0,
          "attributes": {
            "content": "I Love Java",
            "content_base64": null,
            "content_base64sha256": "ve/EIG4DnqS7sZMXt+ryYhCYyVS9nYOe6UNSW++QK0Q=",
            "content_base64sha512": "AD89EqvlcRehHfEqJSFfTP1yxRT/y0ic03lrzVdSdS/MSxuyqeDXRsmFHSpuOU2sGniwDTpuiK9b/wUhiplnyQ==",
            "content_md5": "c61facf9ec9fce9558b9f5ec5f26bc09",
            "content_sha1": "365ea9d26570a98e4ab962633c2c7ed3bb4985a3",
            "content_sha256": "bdefc4206e039ea4bbb19317b7eaf2621098c954bd9d839ee943525bef902b44",
            "content_sha512": "003f3d12abe57117a11df12a25215f4cfd72c514ffcb489cd3796bcd5752752fcc4b1bb2a9e0d746c9851d2a6e394dac1a78b00d3a6e88af5bff05218a9967c9",
            "directory_permission": "0777",
            "file_permission": "0777",
            "filename": "dog.txt",
            "id": "365ea9d26570a98e4ab962633c2c7ed3bb4985a3",
            "sensitive_content": null,
            "source": null
          },
          "sensitive_attributes": []
        }
      ]
    },
    {
      "mode": "managed",
      "type": "local_file",
      "name": "py",
      "provider": "provider[\"registry.terraform.io/hashicorp/local\"]",
      "instances": [
        {
          "schema_version": 0,
          "attributes": {
            "content": "I Love Python",
            "content_base64": null,
            "content_base64sha256": "KOoYoN8cjb7FhQyRZNqE0nUiGJvIMnA6s511fZb7AzM=",
            "content_base64sha512": "QfMHXtVG7aw6joLu4rONLat6LPuhX2flbqCRnW2gJBuXqUJZzNL55QtBmP1/xJb0UJGsurMjEUD/2w6eq/s1Cg==",
            "content_md5": "4bf2e02b0a56f695b1d1646085769a4a",
            "content_sha1": "0e4b53ab1b9582f7cc33da29ad8ff0c025705cd6",
            "content_sha256": "28ea18a0df1c8dbec5850c9164da84d27522189bc832703ab39d757d96fb0333",
            "content_sha512": "41f3075ed546edac3a8e82eee2b38d2dab7a2cfba15f67e56ea0919d6da0241b97a94259ccd2f9e50b4198fd7fc496f45091acbab3231140ffdb0e9eabfb350a",
            "directory_permission": "0777",
            "file_permission": "0777",
            "filename": "cat.txt",
            "id": "0e4b53ab1b9582f7cc33da29ad8ff0c025705cd6",
            "sensitive_content": null,
            "source": null
          },
          "sensitive_attributes": []
        }
      ]
    },
    {
      "mode": "managed",
      "type": "local_file",
      "name": "sample_res",
      "provider": "provider[\"registry.terraform.io/hashicorp/local\"]",
      "instances": [
        {
          "schema_version": 0,
          "attributes": {
            "content": "I Love Terraform",
            "content_base64": null,
            "content_base64sha256": "oCa89Q14Ixy2I4w8oQvkWQaTwhtG+R7/HoChYr00hnw=",
            "content_base64sha512": "2r3VUIDuBC0UXaWp0nDt4sIVoQYLFI0Xp1dCP5wNtwa1c+0P+c1HpQQWQBMFGJ6jqf8TM+Z7bruBNx14sZIHjQ==",
            "content_md5": "01e934868fbb118673c51169102bfe33",
            "content_sha1": "dee17a7fff03d081884253c9c46ae1d5beeaa36a",
            "content_sha256": "a026bcf50d78231cb6238c3ca10be4590693c21b46f91eff1e80a162bd34867c",
            "content_sha512": "dabdd55080ee042d145da5a9d270ede2c215a1060b148d17a757423f9c0db706b573ed0ff9cd47a50416401305189ea3a9ff1333e67b6ebb81371d78b192078d",
            "directory_permission": "0777",
            "file_permission": "0777",
            "filename": "sample.txt",
            "id": "dee17a7fff03d081884253c9c46ae1d5beeaa36a",
            "sensitive_content": null,
            "source": null
          },
          "sensitive_attributes": []
        }
      ]
    }
  ],
  "check_results": null
}
